{
    "name": "epsilon-eag-extension-pack",
    "version": "3.0.0",
    "lockfileVersion": 2,
    "requires": true,
    "packages": {
        "": {
            "name": "epsilon-eag-extension-pack",
            "version": "3.0.0",
            "license": "EPL-2.0",
            "engines": {
                "vscode": "^1.42.0"
            }
        }
    }
}
